[[package]]
name = "zdppy-log"
version = "0.1.7"
description = "Python中用于记录日志的工具库，简单而优美，灵活而强大"
category = "main"
optional = false
python-versions = ">=3.9,<4.0"

[metadata]
lock-version = "1.1"
python-versions = "^3.9"
content-hash = "acc06f9e0ea956e777d26515c843086ea8d784a5ccdec5f104360e5e1c6f9716"

[metadata.files]
zdppy-log = [
    {file = "zdppy_log-0.1.7-py3-none-any.whl", hash = "sha256:21a00f00dfbf4f185c839ee34a483c02661d5dd7854ec4735b51ad3fbd312414"},
    {file = "zdppy_log-0.1.7.tar.gz", hash = "sha256:d129a020a213229b056215d6443f51076be76fe778eb3a2aaf6bdeadd5680cb8"},
]
